
Microsoft Visual Studio Solution File, Format Version 12.00
# Visual Studio Version 17
VisualStudioVersion = 17.9.34714.143
MinimumVisualStudioVersion = 10.0.40219.1
Project("{FAE04EC0-301F-11D3-BF4B-00C04F79EFBC}") = "Coursework", "Coursework\Coursework.csproj", "{981978D5-D4A3-4667-B9E4-5AA54DA95762}"
EndProject
Global
	GlobalSection(SolutionConfigurationPlatforms) = preSolution
		Debug|Any CPU = Debug|Any CPU
		Release|Any CPU = Release|Any CPU
	EndGlobalSection
	GlobalSection(ProjectConfigurationPlatforms) = postSolution
		{981978D5-D4A3-4667-B9E4-5AA54DA95762}.Debug|Any CPU.ActiveCfg = Debug|Any CPU
		{981978D5-D4A3-4667-B9E4-5AA54DA95762}.Debug|Any CPU.Build.0 = Debug|Any CPU
		{981978D5-D4A3-4667-B9E4-5AA54DA95762}.Release|Any CPU.ActiveCfg = Release|Any CPU
		{981978D5-D4A3-4667-B9E4-5AA54DA95762}.Release|Any CPU.Build.0 = Release|Any CPU
	EndGlobalSection
	GlobalSection(SolutionProperties) = preSolution
		HideSolutionNode = FALSE
	EndGlobalSection
	GlobalSection(ExtensibilityGlobals) = postSolution
		SolutionGuid = {DBCD4D9C-496D-4651-8FF0-999CC7A8EFE1}
	EndGlobalSection
EndGlobal
